<?xml version="1.0" encoding="utf-8"?>
<Project ToolsVersion="4.0" xmlns="http://schemas.microsoft.com/developer/msbuild/2003">
  <ItemGroup>
    <Filter Include="Source Files">
      <UniqueIdentifier>{4FC737F1-C7A5-4376-A066-2A32D752A2FF}</UniqueIdentifier>
      <Extensions>cpp;c;cc;cxx;c++;cppm;ixx;def;odl;idl;hpj;bat;asm;asmx</Extensions>
    </Filter>
    <Filter Include="Header Files">
      <UniqueIdentifier>{93995380-89BD-4b04-88EB-625FBE52EBFB}</UniqueIdentifier>
      <Extensions>h;hh;hpp;hxx;h++;hm;inl;inc;ipp;xsd</Extensions>
    </Filter>
    <Filter Include="Resource Files">
      <UniqueIdentifier>{67DA6AB6-F800-4c08-8B7A-83BB121AAD01}</UniqueIdentifier>
      <Extensions>rc;ico;cur;bmp;dlg;rc2;rct;bin;rgs;gif;jpg;jpeg;jpe;resx;tiff;tif;png;wav;mfcribbon-ms</Extensions>
    </Filter>
    <Filter Include="Header Files\vikings">
      <UniqueIdentifier>{8db70653-3522-4524-966b-a317e5d821c5}</UniqueIdentifier>
    </Filter>
    <Filter Include="Header Files\japanese">
      <UniqueIdentifier>{4cfed690-6094-4f19-bade-cb717871582b}</UniqueIdentifier>
    </Filter>
    <Filter Include="Header Files\core">
      <UniqueIdentifier>{a97cf6d3-3591-4184-a5ca-2b69ef4d3367}</UniqueIdentifier>
    </Filter>
    <Filter Include="Header Files\azteks">
      <UniqueIdentifier>{816d32a4-424c-43db-bc26-0c9545303389}</UniqueIdentifier>
    </Filter>
  </ItemGroup>
  <ItemGroup>
    <ClCompile Include="prog4_aoe.cpp">
      <Filter>Source Files</Filter>
    </ClCompile>
    <ClCompile Include="core\base.cpp">
      <Filter>Source Files</Filter>
    </ClCompile>
    <ClCompile Include="core\archery_range.cpp">
      <Filter>Source Files</Filter>
    </ClCompile>
    <ClCompile Include="pch.cpp">
      <Filter>Source Files</Filter>
    </ClCompile>
  </ItemGroup>
  <ItemGroup>
    <ClInclude Include="vikings\base.h">
      <Filter>Header Files\vikings</Filter>
    </ClInclude>
    <ClInclude Include="vikings\cavalry_archer.h">
      <Filter>Header Files\vikings</Filter>
    </ClInclude>
    <ClInclude Include="vikings\archery_range.h">
      <Filter>Header Files\vikings</Filter>
    </ClInclude>
    <ClInclude Include="vikings\archer.h">
      <Filter>Header Files\vikings</Filter>
    </ClInclude>
    <ClInclude Include="vikings\hand_cannoneer.h">
      <Filter>Header Files\vikings</Filter>
    </ClInclude>
    <ClInclude Include="vikings\town_center.h">
      <Filter>Header Files\vikings</Filter>
    </ClInclude>
    <ClInclude Include="vikings\house.h">
      <Filter>Header Files\vikings</Filter>
    </ClInclude>
    <ClInclude Include="pch.h">
      <Filter>Header Files</Filter>
    </ClInclude>
    <ClInclude Include="core\unit.h">
      <Filter>Header Files\core</Filter>
    </ClInclude>
    <ClInclude Include="core\town_center.h">
      <Filter>Header Files\core</Filter>
    </ClInclude>
    <ClInclude Include="core\hand_cannoneer.h">
      <Filter>Header Files\core</Filter>
    </ClInclude>
    <ClInclude Include="core\archery_range.h">
      <Filter>Header Files\core</Filter>
    </ClInclude>
    <ClInclude Include="core\archer.h">
      <Filter>Header Files\core</Filter>
    </ClInclude>
    <ClInclude Include="japanese\base.h">
      <Filter>Header Files\japanese</Filter>
    </ClInclude>
    <ClInclude Include="japanese\archer.h">
      <Filter>Header Files\japanese</Filter>
    </ClInclude>
    <ClInclude Include="azteks\archer.h">
      <Filter>Header Files\azteks</Filter>
    </ClInclude>
    <ClInclude Include="japanese\archery_range.h">
      <Filter>Header Files\japanese</Filter>
    </ClInclude>
    <ClInclude Include="azteks\archery_range.h">
      <Filter>Header Files\azteks</Filter>
    </ClInclude>
    <ClInclude Include="core\base.h">
      <Filter>Header Files\core</Filter>
    </ClInclude>
    <ClInclude Include="azteks\base.h">
      <Filter>Header Files\azteks</Filter>
    </ClInclude>
    <ClInclude Include="core\building.h">
      <Filter>Header Files\core</Filter>
    </ClInclude>
    <ClInclude Include="core\cavalry_archer.h">
      <Filter>Header Files\core</Filter>
    </ClInclude>
    <ClInclude Include="japanese\cavalry_archer.h">
      <Filter>Header Files\japanese</Filter>
    </ClInclude>
    <ClInclude Include="azteks\cavalry_archer.h">
      <Filter>Header Files\azteks</Filter>
    </ClInclude>
    <ClInclude Include="japanese\hand_cannoneer.h">
      <Filter>Header Files\japanese</Filter>
    </ClInclude>
    <ClInclude Include="azteks\hand_cannoneer.h">
      <Filter>Header Files\azteks</Filter>
    </ClInclude>
    <ClInclude Include="azteks\house.h">
      <Filter>Header Files\azteks</Filter>
    </ClInclude>
    <ClInclude Include="core\house.h">
      <Filter>Header Files\core</Filter>
    </ClInclude>
    <ClInclude Include="japanese\house.h">
      <Filter>Header Files\japanese</Filter>
    </ClInclude>
    <ClInclude Include="azteks\town_center.h">
      <Filter>Header Files\azteks</Filter>
    </ClInclude>
    <ClInclude Include="japanese\town_center.h">
      <Filter>Header Files\japanese</Filter>
    </ClInclude>
  </ItemGroup>
</Project>